PODS:
  - OLCore (0.13.0):
    - SDWebImage
  - SDWebImage (5.3.2):
    - SDWebImage/Core (= 5.3.2)
  - SDWebImage/Core (5.3.2)
  - SwiftLint (0.37.0)

DEPENDENCIES:
  - OLCore (from `../`)
  - SwiftLint

SPEC REPOS:
  trunk:
    - SDWebImage
    - SwiftLint

EXTERNAL SOURCES:
  OLCore:
    :path: "../"

SPEC CHECKSUMS:
  OLCore: 21c24d74193a5c7e7b752edee4d5c5e07418ecb3
  SDWebImage: 6ac2eb96571bff96ecde31a987172c5934a0eb7d
  SwiftLint: c078a14d7d7ade75e5507795d185e3da41d844d2

PODFILE CHECKSUM: 16936b91d349b00043b4adb99773eeb332ef97c9

COCOAPODS: 1.8.4
