PODS:
  - DLRadioButton (1.4.12)
  - OLCore (0.5.0):
    - DLRadioButton
    - SDWebImage
  - SDWebImage (5.1.0):
    - SDWebImage/Core (= 5.1.0)
  - SDWebImage/Core (5.1.0)

DEPENDENCIES:
  - OLCore (from `../`)

SPEC REPOS:
  https://github.com/cocoapods/specs.git:
    - DLRadioButton
    - SDWebImage

EXTERNAL SOURCES:
  OLCore:
    :path: "../"

SPEC CHECKSUMS:
  DLRadioButton: d7c4e225ed0e8013cef7be61455230c7557ad7c1
  OLCore: 961f23650c8427b1183415b151494128748d0405
  SDWebImage: fb387001955223213dde14bc08c8b73f371f8d8f

PODFILE CHECKSUM: 053b24881255c4db817adba2b0e1553c5b594edf

COCOAPODS: 1.7.3
