PODS:
  - OLCore (0.12.0):
    - SDWebImage
  - SDWebImage (5.2.5):
    - SDWebImage/Core (= 5.2.5)
  - SDWebImage/Core (5.2.5)
  - SwiftLint (0.36.0)

DEPENDENCIES:
  - OLCore (from `../`)
  - SwiftLint

SPEC REPOS:
  trunk:
    - SDWebImage
    - SwiftLint

EXTERNAL SOURCES:
  OLCore:
    :path: "../"

SPEC CHECKSUMS:
  OLCore: 97369066f4cc8847de3eddc5cc8b16d790f6a965
  SDWebImage: 4eabf2fa6695c95c47724214417a9c036c965e4a
  SwiftLint: fc9859e4e1752340664851f667bb1898b9c90114

PODFILE CHECKSUM: 559f88d32bd026dd1a6a2cc6bc9edb63292a237d

COCOAPODS: 1.8.4
